
Microsoft Visual Studio Solution File, Format Version 12.00
# Visual Studio 15
VisualStudioVersion = 15.0.27130.2026
MinimumVisualStudioVersion = 10.0.40219.1
Project("{FAE04EC0-301F-11D3-BF4B-00C04F79EFBC}") = "NestedJsonParser", "NestedJsonParser\NestedJsonParser.csproj", "{1A43B4D0-6596-49D7-9170-12E4877157F6}"
EndProject
Project("{FAE04EC0-301F-11D3-BF4B-00C04F79EFBC}") = "NestedJsonParser.CoreConsoleTestApp", "NestedJsonParser.CoreConsoleTestApp\NestedJsonParser.CoreConsoleTestApp.csproj", "{F4BC7028-40CF-49A0-845B-853A5B4DFFA6}"
EndProject
Global
	GlobalSection(SolutionConfigurationPlatforms) = preSolution
		Debug|Any CPU = Debug|Any CPU
		Release|Any CPU = Release|Any CPU
	EndGlobalSection
	GlobalSection(ProjectConfigurationPlatforms) = postSolution
		{1A43B4D0-6596-49D7-9170-12E4877157F6}.Debug|Any CPU.ActiveCfg = Debug|Any CPU
		{1A43B4D0-6596-49D7-9170-12E4877157F6}.Debug|Any CPU.Build.0 = Debug|Any CPU
		{1A43B4D0-6596-49D7-9170-12E4877157F6}.Release|Any CPU.ActiveCfg = Release|Any CPU
		{1A43B4D0-6596-49D7-9170-12E4877157F6}.Release|Any CPU.Build.0 = Release|Any CPU
		{F4BC7028-40CF-49A0-845B-853A5B4DFFA6}.Debug|Any CPU.ActiveCfg = Debug|Any CPU
		{F4BC7028-40CF-49A0-845B-853A5B4DFFA6}.Debug|Any CPU.Build.0 = Debug|Any CPU
		{F4BC7028-40CF-49A0-845B-853A5B4DFFA6}.Release|Any CPU.ActiveCfg = Release|Any CPU
		{F4BC7028-40CF-49A0-845B-853A5B4DFFA6}.Release|Any CPU.Build.0 = Release|Any CPU
	EndGlobalSection
	GlobalSection(SolutionProperties) = preSolution
		HideSolutionNode = FALSE
	EndGlobalSection
	GlobalSection(ExtensibilityGlobals) = postSolution
		SolutionGuid = {399E2C56-7C9B-4242-8B82-837ED8987786}
	EndGlobalSection
EndGlobal
